
Microsoft Visual Studio Solution File, Format Version 12.00
# Visual Studio Version 16
VisualStudioVersion = 16.0.29403.142
MinimumVisualStudioVersion = 10.0.40219.1
Project("{FAE04EC0-301F-11D3-BF4B-00C04F79EFBC}") = "Kirtasiye", "Kirtasiye\Kirtasiye.csproj", "{C684AAF7-3A7A-41A5-9686-70BC45E2E4BD}"
EndProject
Global
	GlobalSection(SolutionConfigurationPlatforms) = preSolution
		Debug|Any CPU = Debug|Any CPU
		Release|Any CPU = Release|Any CPU
	EndGlobalSection
	GlobalSection(ProjectConfigurationPlatforms) = postSolution
		{C684AAF7-3A7A-41A5-9686-70BC45E2E4BD}.Debug|Any CPU.ActiveCfg = Debug|Any CPU
		{C684AAF7-3A7A-41A5-9686-70BC45E2E4BD}.Debug|Any CPU.Build.0 = Debug|Any CPU
		{C684AAF7-3A7A-41A5-9686-70BC45E2E4BD}.Release|Any CPU.ActiveCfg = Release|Any CPU
		{C684AAF7-3A7A-41A5-9686-70BC45E2E4BD}.Release|Any CPU.Build.0 = Release|Any CPU
	EndGlobalSection
	GlobalSection(SolutionProperties) = preSolution
		HideSolutionNode = FALSE
	EndGlobalSection
	GlobalSection(ExtensibilityGlobals) = postSolution
		SolutionGuid = {15A2DC9A-2A56-4C78-9E14-5A61DCDB029E}
	EndGlobalSection
EndGlobal
